
Microsoft Visual Studio Solution File, Format Version 12.00
# Visual Studio 15
VisualStudioVersion = 15.0.28010.2019
MinimumVisualStudioVersion = 10.0.40219.1
Project("{FAE04EC0-301F-11D3-BF4B-00C04F79EFBC}") = "TeamFoundationAssistant", "TeamFoundationAssistant.csproj", "{DC141960-BC82-4C80-A76F-8AB12FE72D64}"
EndProject
Global
	GlobalSection(SolutionConfigurationPlatforms) = preSolution
		Debug|Any CPU = Debug|Any CPU
		Release|Any CPU = Release|Any CPU
	EndGlobalSection
	GlobalSection(ProjectConfigurationPlatforms) = postSolution
		{DC141960-BC82-4C80-A76F-8AB12FE72D64}.Debug|Any CPU.ActiveCfg = Debug|Any CPU
		{DC141960-BC82-4C80-A76F-8AB12FE72D64}.Debug|Any CPU.Build.0 = Debug|Any CPU
		{DC141960-BC82-4C80-A76F-8AB12FE72D64}.Release|Any CPU.ActiveCfg = Release|Any CPU
		{DC141960-BC82-4C80-A76F-8AB12FE72D64}.Release|Any CPU.Build.0 = Release|Any CPU
	EndGlobalSection
	GlobalSection(SolutionProperties) = preSolution
		HideSolutionNode = FALSE
	EndGlobalSection
	GlobalSection(ExtensibilityGlobals) = postSolution
		SolutionGuid = {1DF2F16E-1211-4CCC-866B-998581C97B1B}
	EndGlobalSection
EndGlobal
